
Microsoft Visual Studio Solution File, Format Version 12.00
# Visual Studio Version 17
VisualStudioVersion = 17.9.34616.47
MinimumVisualStudioVersion = 10.0.40219.1
Project("{FAE04EC0-301F-11D3-BF4B-00C04F79EFBC}") = "Olimpijada", "Olimpijada\Olimpijada.csproj", "{B78769F4-3367-4758-B4AF-FA90C29AA6CE}"
EndProject
Global
	GlobalSection(SolutionConfigurationPlatforms) = preSolution
		Debug|Any CPU = Debug|Any CPU
		Release|Any CPU = Release|Any CPU
	EndGlobalSection
	GlobalSection(ProjectConfigurationPlatforms) = postSolution
		{B78769F4-3367-4758-B4AF-FA90C29AA6CE}.Debug|Any CPU.ActiveCfg = Debug|Any CPU
		{B78769F4-3367-4758-B4AF-FA90C29AA6CE}.Debug|Any CPU.Build.0 = Debug|Any CPU
		{B78769F4-3367-4758-B4AF-FA90C29AA6CE}.Release|Any CPU.ActiveCfg = Release|Any CPU
		{B78769F4-3367-4758-B4AF-FA90C29AA6CE}.Release|Any CPU.Build.0 = Release|Any CPU
	EndGlobalSection
	GlobalSection(SolutionProperties) = preSolution
		HideSolutionNode = FALSE
	EndGlobalSection
	GlobalSection(ExtensibilityGlobals) = postSolution
		SolutionGuid = {11551740-5F01-434D-8ED0-ED1764A7BFB0}
	EndGlobalSection
EndGlobal
